// !$*UTF8*$!
{
	archiveVersion = 1;
	classes = {
	};
	objectVersion = 56;
	objects = {

/* Begin PBXBuildFile section */
		D04064D72A3C7B9C008BA796 /* AppDelegate.swift in Sources */ = {isa = PBXBuildFile; fileRef = D04064D62A3C7B9C008BA796 /* AppDelegate.swift */; };
		D04064D92A3C7B9C008BA796 /* SceneDelegate.swift in Sources */ = {isa = PBXBuildFile; fileRef = D04064D82A3C7B9C008BA796 /* SceneDelegate.swift */; };
		D04064DB2A3C7B9C008BA796 /* SeriesViewController.swift in Sources */ = {isa = PBXBuildFile; fileRef = D04064DA2A3C7B9C008BA796 /* SeriesViewController.swift */; };
		D04064DE2A3C7B9C008BA796 /* Main.storyboard in Resources */ = {isa = PBXBuildFile; fileRef = D04064DC2A3C7B9C008BA796 /* Main.storyboard */; };
		D04064E12A3C7B9C008BA796 /* MovieApp.xcdatamodeld in Sources */ = {isa = PBXBuildFile; fileRef = D04064DF2A3C7B9C008BA796 /* MovieApp.xcdatamodeld */; };
		D04064E32A3C7B9E008BA796 /* Assets.xcassets in Resources */ = {isa = PBXBuildFile; fileRef = D04064E22A3C7B9E008BA796 /* Assets.xcassets */; };
		D04064E62A3C7B9E008BA796 /* LaunchScreen.storyboard in Resources */ = {isa = PBXBuildFile; fileRef = D04064E42A3C7B9E008BA796 /* LaunchScreen.storyboard */; };
		D04064F12A3C7B9E008BA796 /* MovieAppTests.swift in Sources */ = {isa = PBXBuildFile; fileRef = D04064F02A3C7B9E008BA796 /* MovieAppTests.swift */; };
		D04064FB2A3C7B9E008BA796 /* MovieAppUITests.swift in Sources */ = {isa = PBXBuildFile; fileRef = D04064FA2A3C7B9E008BA796 /* MovieAppUITests.swift */; };
		D04064FD2A3C7B9E008BA796 /* MovieAppUITestsLaunchTests.swift in Sources */ = {isa = PBXBuildFile; fileRef = D04064FC2A3C7B9E008BA796 /* MovieAppUITestsLaunchTests.swift */; };
		D0C95AC42A42013C00CB63BB /* Kingfisher in Frameworks */ = {isa = PBXBuildFile; productRef = D0C95AC32A42013C00CB63BB /* Kingfisher */; };
		D0C95AC72A4201EB00CB63BB /* Alamofire in Frameworks */ = {isa = PBXBuildFile; productRef = D0C95AC62A4201EB00CB63BB /* Alamofire */; };
		D0C95AC92A420A9300CB63BB /* UIViewExtension.swift in Sources */ = {isa = PBXBuildFile; fileRef = D0C95AC82A420A9300CB63BB /* UIViewExtension.swift */; };
		D0C95ACE2A42407E00CB63BB /* DataHandler.swift in Sources */ = {isa = PBXBuildFile; fileRef = D0C95ACD2A42407E00CB63BB /* DataHandler.swift */; };
		D0C95AD02A43765300CB63BB /* RequestHandler.swift in Sources */ = {isa = PBXBuildFile; fileRef = D0C95ACF2A43765300CB63BB /* RequestHandler.swift */; };
		D0C95AD62A44D56A00CB63BB /* DescriptionTableViewCell.swift in Sources */ = {isa = PBXBuildFile; fileRef = D0C95AD42A44D56A00CB63BB /* DescriptionTableViewCell.swift */; };
		D0C95AD72A44D56A00CB63BB /* DescriptionTableViewCell.xib in Resources */ = {isa = PBXBuildFile; fileRef = D0C95AD52A44D56A00CB63BB /* DescriptionTableViewCell.xib */; };
		D0EC6F982A3CF0C1009314AF /* NetworkRequestHandler.swift in Sources */ = {isa = PBXBuildFile; fileRef = D0EC6F972A3CF0C1009314AF /* NetworkRequestHandler.swift */; };
		D0EC6F9B2A3DED7D009314AF /* Series.swift in Sources */ = {isa = PBXBuildFile; fileRef = D0EC6F9A2A3DED7D009314AF /* Series.swift */; };
		D0EC6F9D2A3DEDE6009314AF /* Response.swift in Sources */ = {isa = PBXBuildFile; fileRef = D0EC6F9C2A3DEDE6009314AF /* Response.swift */; };
		D0EC6FA02A3DF4B9009314AF /* SeriesDataSource.swift in Sources */ = {isa = PBXBuildFile; fileRef = D0EC6F9F2A3DF4B9009314AF /* SeriesDataSource.swift */; };
		D0EC6FA22A3DF582009314AF /* EndPoint.swift in Sources */ = {isa = PBXBuildFile; fileRef = D0EC6FA12A3DF582009314AF /* EndPoint.swift */; };
		D0EC6FA52A3DF711009314AF /* SeriesViewModel.swift in Sources */ = {isa = PBXBuildFile; fileRef = D0EC6FA42A3DF711009314AF /* SeriesViewModel.swift */; };
		D0EC6FAE2A3DF7BC009314AF /* SeriesUsecase.swift in Sources */ = {isa = PBXBuildFile; fileRef = D0EC6FAD2A3DF7BC009314AF /* SeriesUsecase.swift */; };
		D0EC6FC92A40E524009314AF /* SeriesTableViewCell.swift in Sources */ = {isa = PBXBuildFile; fileRef = D0EC6FC72A40E524009314AF /* SeriesTableViewCell.swift */; };
		D0EC6FCA2A40E524009314AF /* SeriesTableViewCell.xib in Resources */ = {isa = PBXBuildFile; fileRef = D0EC6FC82A40E524009314AF /* SeriesTableViewCell.xib */; };
		D0EC6FCD2A40E793009314AF /* CellModel.swift in Sources */ = {isa = PBXBuildFile; fileRef = D0EC6FCC2A40E793009314AF /* CellModel.swift */; };
		D0EC6FD02A40E8F6009314AF /* ImageViewExtension.swift in Sources */ = {isa = PBXBuildFile; fileRef = D0EC6FCF2A40E8F6009314AF /* ImageViewExtension.swift */; };
/* End PBXBuildFile section */

/* Begin PBXContainerItemProxy section */
		D04064ED2A3C7B9E008BA796 /* PBXContainerItemProxy */ = {
			isa = PBXContainerItemProxy;
			containerPortal = D04064CB2A3C7B9C008BA796 /* Project object */;
			proxyType = 1;
			remoteGlobalIDString = D04064D22A3C7B9C008BA796;
			remoteInfo = MovieApp;
		};
		D04064F72A3C7B9E008BA796 /* PBXContainerItemProxy */ = {
			isa = PBXContainerItemProxy;
			containerPortal = D04064CB2A3C7B9C008BA796 /* Project object */;
			proxyType = 1;
			remoteGlobalIDString = D04064D22A3C7B9C008BA796;
			remoteInfo = MovieApp;
		};
/* End PBXContainerItemProxy section */

/* Begin PBXFileReference section */
		D04064D32A3C7B9C008BA796 /* MovieApp.app */ = {isa = PBXFileReference; explicitFileType = wrapper.application; includeInIndex = 0; path = MovieApp.app; sourceTree = BUILT_PRODUCTS_DIR; };
		D04064D62A3C7B9C008BA796 /* AppDelegate.swift */ = {isa = PBXFileReference; lastKnownFileType = sourcecode.swift; path = AppDelegate.swift; sourceTree = "<group>"; };
		D04064D82A3C7B9C008BA796 /* SceneDelegate.swift */ = {isa = PBXFileReference; lastKnownFileType = sourcecode.swift; path = SceneDelegate.swift; sourceTree = "<group>"; };
		D04064DA2A3C7B9C008BA796 /* SeriesViewController.swift */ = {isa = PBXFileReference; lastKnownFileType = sourcecode.swift; path = SeriesViewController.swift; sourceTree = "<group>"; };
		D04064DD2A3C7B9C008BA796 /* Base */ = {isa = PBXFileReference; lastKnownFileType = file.storyboard; name = Base; path = Base.lproj/Main.storyboard; sourceTree = "<group>"; };
		D04064E02A3C7B9C008BA796 /* MovieApp.xcdatamodel */ = {isa = PBXFileReference; lastKnownFileType = wrapper.xcdatamodel; path = MovieApp.xcdatamodel; sourceTree = "<group>"; };
		D04064E22A3C7B9E008BA796 /* Assets.xcassets */ = {isa = PBXFileReference; lastKnownFileType = folder.assetcatalog; path = Assets.xcassets; sourceTree = "<group>"; };
		D04064E52A3C7B9E008BA796 /* Base */ = {isa = PBXFileReference; lastKnownFileType = file.storyboard; name = Base; path = Base.lproj/LaunchScreen.storyboard; sourceTree = "<group>"; };
		D04064E72A3C7B9E008BA796 /* Info.plist */ = {isa = PBXFileReference; lastKnownFileType = text.plist.xml; path = Info.plist; sourceTree = "<group>"; };
		D04064EC2A3C7B9E008BA796 /* MovieAppTests.xctest */ = {isa = PBXFileReference; explicitFileType = wrapper.cfbundle; includeInIndex = 0; path = MovieAppTests.xctest; sourceTree = BUILT_PRODUCTS_DIR; };
		D04064F02A3C7B9E008BA796 /* MovieAppTests.swift */ = {isa = PBXFileReference; lastKnownFileType = sourcecode.swift; path = MovieAppTests.swift; sourceTree = "<group>"; };
		D04064F62A3C7B9E008BA796 /* MovieAppUITests.xctest */ = {isa = PBXFileReference; explicitFileType = wrapper.cfbundle; includeInIndex = 0; path = MovieAppUITests.xctest; sourceTree = BUILT_PRODUCTS_DIR; };
		D04064FA2A3C7B9E008BA796 /* MovieAppUITests.swift */ = {isa = PBXFileReference; lastKnownFileType = sourcecode.swift; path = MovieAppUITests.swift; sourceTree = "<group>"; };
		D04064FC2A3C7B9E008BA796 /* MovieAppUITestsLaunchTests.swift */ = {isa = PBXFileReference; lastKnownFileType = sourcecode.swift; path = MovieAppUITestsLaunchTests.swift; sourceTree = "<group>"; };
		D0C95AC82A420A9300CB63BB /* UIViewExtension.swift */ = {isa = PBXFileReference; lastKnownFileType = sourcecode.swift; path = UIViewExtension.swift; sourceTree = "<group>"; };
		D0C95ACD2A42407E00CB63BB /* DataHandler.swift */ = {isa = PBXFileReference; lastKnownFileType = sourcecode.swift; path = DataHandler.swift; sourceTree = "<group>"; };
		D0C95ACF2A43765300CB63BB /* RequestHandler.swift */ = {isa = PBXFileReference; lastKnownFileType = sourcecode.swift; path = RequestHandler.swift; sourceTree = "<group>"; };
		D0C95AD42A44D56A00CB63BB /* DescriptionTableViewCell.swift */ = {isa = PBXFileReference; lastKnownFileType = sourcecode.swift; path = DescriptionTableViewCell.swift; sourceTree = "<group>"; };
		D0C95AD52A44D56A00CB63BB /* DescriptionTableViewCell.xib */ = {isa = PBXFileReference; lastKnownFileType = file.xib; path = DescriptionTableViewCell.xib; sourceTree = "<group>"; };
		D0EC6F972A3CF0C1009314AF /* NetworkRequestHandler.swift */ = {isa = PBXFileReference; lastKnownFileType = sourcecode.swift; path = NetworkRequestHandler.swift; sourceTree = "<group>"; };
		D0EC6F9A2A3DED7D009314AF /* Series.swift */ = {isa = PBXFileReference; lastKnownFileType = sourcecode.swift; path = Series.swift; sourceTree = "<group>"; };
		D0EC6F9C2A3DEDE6009314AF /* Response.swift */ = {isa = PBXFileReference; fileEncoding = 4; lastKnownFileType = sourcecode.swift; path = Response.swift; sourceTree = "<group>"; };
		D0EC6F9F2A3DF4B9009314AF /* SeriesDataSource.swift */ = {isa = PBXFileReference; lastKnownFileType = sourcecode.swift; path = SeriesDataSource.swift; sourceTree = "<group>"; };
		D0EC6FA12A3DF582009314AF /* EndPoint.swift */ = {isa = PBXFileReference; lastKnownFileType = sourcecode.swift; path = EndPoint.swift; sourceTree = "<group>"; };
		D0EC6FA42A3DF711009314AF /* SeriesViewModel.swift */ = {isa = PBXFileReference; lastKnownFileType = sourcecode.swift; path = SeriesViewModel.swift; sourceTree = "<group>"; };
		D0EC6FAD2A3DF7BC009314AF /* SeriesUsecase.swift */ = {isa = PBXFileReference; lastKnownFileType = sourcecode.swift; path = SeriesUsecase.swift; sourceTree = "<group>"; };
		D0EC6FC72A40E524009314AF /* SeriesTableViewCell.swift */ = {isa = PBXFileReference; lastKnownFileType = sourcecode.swift; path = SeriesTableViewCell.swift; sourceTree = "<group>"; };
		D0EC6FC82A40E524009314AF /* SeriesTableViewCell.xib */ = {isa = PBXFileReference; lastKnownFileType = file.xib; path = SeriesTableViewCell.xib; sourceTree = "<group>"; };
		D0EC6FCC2A40E793009314AF /* CellModel.swift */ = {isa = PBXFileReference; lastKnownFileType = sourcecode.swift; path = CellModel.swift; sourceTree = "<group>"; };
		D0EC6FCF2A40E8F6009314AF /* ImageViewExtension.swift */ = {isa = PBXFileReference; lastKnownFileType = sourcecode.swift; path = ImageViewExtension.swift; sourceTree = "<group>"; };
/* End PBXFileReference section */

/* Begin PBXFrameworksBuildPhase section */
		D04064D02A3C7B9C008BA796 /* Frameworks */ = {
			isa = PBXFrameworksBuildPhase;
			buildActionMask = 2147483647;
			files = (
				D0C95AC42A42013C00CB63BB /* Kingfisher in Frameworks */,
				D0C95AC72A4201EB00CB63BB /* Alamofire in Frameworks */,
			);
			runOnlyForDeploymentPostprocessing = 0;
		};
		D04064E92A3C7B9E008BA796 /* Frameworks */ = {
			isa = PBXFrameworksBuildPhase;
			buildActionMask = 2147483647;
			files = (
			);
			runOnlyForDeploymentPostprocessing = 0;
		};
		D04064F32A3C7B9E008BA796 /* Frameworks */ = {
			isa = PBXFrameworksBuildPhase;
			buildActionMask = 2147483647;
			files = (
			);
			runOnlyForDeploymentPostprocessing = 0;
		};
/* End PBXFrameworksBuildPhase section */

/* Begin PBXGroup section */
		5E521B2ED0DC37AF0B0642E7 /* Pods */ = {
			isa = PBXGroup;
			children = (
			);
			path = Pods;
			sourceTree = "<group>";
		};
		D04064CA2A3C7B9C008BA796 = {
			isa = PBXGroup;
			children = (
				D04064D52A3C7B9C008BA796 /* MovieApp */,
				D04064EF2A3C7B9E008BA796 /* MovieAppTests */,
				D04064F92A3C7B9E008BA796 /* MovieAppUITests */,
				D04064D42A3C7B9C008BA796 /* Products */,
				5E521B2ED0DC37AF0B0642E7 /* Pods */,
			);
			sourceTree = "<group>";
		};
		D04064D42A3C7B9C008BA796 /* Products */ = {
			isa = PBXGroup;
			children = (
				D04064D32A3C7B9C008BA796 /* MovieApp.app */,
				D04064EC2A3C7B9E008BA796 /* MovieAppTests.xctest */,
				D04064F62A3C7B9E008BA796 /* MovieAppUITests.xctest */,
			);
			name = Products;
			sourceTree = "<group>";
		};
		D04064D52A3C7B9C008BA796 /* MovieApp */ = {
			isa = PBXGroup;
			children = (
				D0EC6FCE2A40E8E4009314AF /* utility */,
				D0EC6FA32A3DF6DB009314AF /* Series */,
				D0EC6F9E2A3DF4A6009314AF /* DataSource */,
				D0EC6F992A3DED68009314AF /* Model */,
				D0EC6F962A3CF0A7009314AF /* Network */,
				D04064D62A3C7B9C008BA796 /* AppDelegate.swift */,
				D04064D82A3C7B9C008BA796 /* SceneDelegate.swift */,
				D04064E22A3C7B9E008BA796 /* Assets.xcassets */,
				D04064E42A3C7B9E008BA796 /* LaunchScreen.storyboard */,
				D04064E72A3C7B9E008BA796 /* Info.plist */,
				D04064DF2A3C7B9C008BA796 /* MovieApp.xcdatamodeld */,
			);
			path = MovieApp;
			sourceTree = "<group>";
		};
		D04064EF2A3C7B9E008BA796 /* MovieAppTests */ = {
			isa = PBXGroup;
			children = (
				D04064F02A3C7B9E008BA796 /* MovieAppTests.swift */,
			);
			path = MovieAppTests;
			sourceTree = "<group>";
		};
		D04064F92A3C7B9E008BA796 /* MovieAppUITests */ = {
			isa = PBXGroup;
			children = (
				D04064FA2A3C7B9E008BA796 /* MovieAppUITests.swift */,
				D04064FC2A3C7B9E008BA796 /* MovieAppUITestsLaunchTests.swift */,
			);
			path = MovieAppUITests;
			sourceTree = "<group>";
		};
		D0C95AD32A44D53D00CB63BB /* descriptionCell */ = {
			isa = PBXGroup;
			children = (
				D0C95AD42A44D56A00CB63BB /* DescriptionTableViewCell.swift */,
				D0C95AD52A44D56A00CB63BB /* DescriptionTableViewCell.xib */,
			);
			path = descriptionCell;
			sourceTree = "<group>";
		};
		D0EC6F962A3CF0A7009314AF /* Network */ = {
			isa = PBXGroup;
			children = (
				D0EC6F972A3CF0C1009314AF /* NetworkRequestHandler.swift */,
				D0EC6FA12A3DF582009314AF /* EndPoint.swift */,
			);
			path = Network;
			sourceTree = "<group>";
		};
		D0EC6F992A3DED68009314AF /* Model */ = {
			isa = PBXGroup;
			children = (
				D0EC6F9C2A3DEDE6009314AF /* Response.swift */,
				D0EC6F9A2A3DED7D009314AF /* Series.swift */,
			);
			path = Model;
			sourceTree = "<group>";
		};
		D0EC6F9E2A3DF4A6009314AF /* DataSource */ = {
			isa = PBXGroup;
			children = (
				D0EC6F9F2A3DF4B9009314AF /* SeriesDataSource.swift */,
			);
			path = DataSource;
			sourceTree = "<group>";
		};
		D0EC6FA32A3DF6DB009314AF /* Series */ = {
			isa = PBXGroup;
			children = (
				D0C95AD32A44D53D00CB63BB /* descriptionCell */,
				D0EC6FCB2A40E765009314AF /* model */,
				D0EC6FC62A40E4C2009314AF /* SeriesCell */,
				D0EC6FAC2A3DF7A0009314AF /* usecase */,
				D0EC6FA42A3DF711009314AF /* SeriesViewModel.swift */,
				D04064DA2A3C7B9C008BA796 /* SeriesViewController.swift */,
				D04064DC2A3C7B9C008BA796 /* Main.storyboard */,
			);
			path = Series;
			sourceTree = "<group>";
		};
		D0EC6FAC2A3DF7A0009314AF /* usecase */ = {
			isa = PBXGroup;
			children = (
				D0EC6FAD2A3DF7BC009314AF /* SeriesUsecase.swift */,
			);
			path = usecase;
			sourceTree = "<group>";
		};
		D0EC6FC62A40E4C2009314AF /* SeriesCell */ = {
			isa = PBXGroup;
			children = (
				D0EC6FC72A40E524009314AF /* SeriesTableViewCell.swift */,
				D0EC6FC82A40E524009314AF /* SeriesTableViewCell.xib */,
			);
			path = SeriesCell;
			sourceTree = "<group>";
		};
		D0EC6FCB2A40E765009314AF /* model */ = {
			isa = PBXGroup;
			children = (
				D0EC6FCC2A40E793009314AF /* CellModel.swift */,
			);
			path = model;
			sourceTree = "<group>";
		};
		D0EC6FCE2A40E8E4009314AF /* utility */ = {
			isa = PBXGroup;
			children = (
				D0EC6FCF2A40E8F6009314AF /* ImageViewExtension.swift */,
				D0C95AC82A420A9300CB63BB /* UIViewExtension.swift */,
				D0C95ACD2A42407E00CB63BB /* DataHandler.swift */,
				D0C95ACF2A43765300CB63BB /* RequestHandler.swift */,
			);
			path = utility;
			sourceTree = "<group>";
		};
/* End PBXGroup section */

/* Begin PBXNativeTarget section */
		D04064D22A3C7B9C008BA796 /* MovieApp */ = {
			isa = PBXNativeTarget;
			buildConfigurationList = D04065002A3C7B9E008BA796 /* Build configuration list for PBXNativeTarget "MovieApp" */;
			buildPhases = (
				D04064CF2A3C7B9C008BA796 /* Sources */,
				D04064D02A3C7B9C008BA796 /* Frameworks */,
				D04064D12A3C7B9C008BA796 /* Resources */,
			);
			buildRules = (
			);
			dependencies = (
			);
			name = MovieApp;
			packageProductDependencies = (
				D0C95AC32A42013C00CB63BB /* Kingfisher */,
				D0C95AC62A4201EB00CB63BB /* Alamofire */,
			);
			productName = MovieApp;
			productReference = D04064D32A3C7B9C008BA796 /* MovieApp.app */;
			productType = "com.apple.product-type.application";
		};
		D04064EB2A3C7B9E008BA796 /* MovieAppTests */ = {
			isa = PBXNativeTarget;
			buildConfigurationList = D04065032A3C7B9E008BA796 /* Build configuration list for PBXNativeTarget "MovieAppTests" */;
			buildPhases = (
				D04064E82A3C7B9E008BA796 /* Sources */,
				D04064E92A3C7B9E008BA796 /* Frameworks */,
				D04064EA2A3C7B9E008BA796 /* Resources */,
			);
			buildRules = (
			);
			dependencies = (
				D04064EE2A3C7B9E008BA796 /* PBXTargetDependency */,
			);
			name = MovieAppTests;
			productName = MovieAppTests;
			productReference = D04064EC2A3C7B9E008BA796 /* MovieAppTests.xctest */;
			productType = "com.apple.product-type.bundle.unit-test";
		};
		D04064F52A3C7B9E008BA796 /* MovieAppUITests */ = {
			isa = PBXNativeTarget;
			buildConfigurationList = D04065062A3C7B9E008BA796 /* Build configuration list for PBXNativeTarget "MovieAppUITests" */;
			buildPhases = (
				D04064F22A3C7B9E008BA796 /* Sources */,
				D04064F32A3C7B9E008BA796 /* Frameworks */,
				D04064F42A3C7B9E008BA796 /* Resources */,
			);
			buildRules = (
			);
			dependencies = (
				D04064F82A3C7B9E008BA796 /* PBXTargetDependency */,
			);
			name = MovieAppUITests;
			productName = MovieAppUITests;
			productReference = D04064F62A3C7B9E008BA796 /* MovieAppUITests.xctest */;
			productType = "com.apple.product-type.bundle.ui-testing";
		};
/* End PBXNativeTarget section */

/* Begin PBXProject section */
		D04064CB2A3C7B9C008BA796 /* Project object */ = {
			isa = PBXProject;
			attributes = {
				BuildIndependentTargetsInParallel = 1;
				LastSwiftUpdateCheck = 1430;
				LastUpgradeCheck = 1430;
				TargetAttributes = {
					D04064D22A3C7B9C008BA796 = {
						CreatedOnToolsVersion = 14.3.1;
					};
					D04064EB2A3C7B9E008BA796 = {
						CreatedOnToolsVersion = 14.3.1;
						TestTargetID = D04064D22A3C7B9C008BA796;
					};
					D04064F52A3C7B9E008BA796 = {
						CreatedOnToolsVersion = 14.3.1;
						TestTargetID = D04064D22A3C7B9C008BA796;
					};
				};
			};
			buildConfigurationList = D04064CE2A3C7B9C008BA796 /* Build configuration list for PBXProject "MovieApp" */;
			compatibilityVersion = "Xcode 14.0";
			developmentRegion = en;
			hasScannedForEncodings = 0;
			knownRegions = (
				en,
				Base,
			);
			mainGroup = D04064CA2A3C7B9C008BA796;
			packageReferences = (
				D0C95AC22A42013C00CB63BB /* XCRemoteSwiftPackageReference "Kingfisher" */,
				D0C95AC52A4201EB00CB63BB /* XCRemoteSwiftPackageReference "Alamofire" */,
			);
			productRefGroup = D04064D42A3C7B9C008BA796 /* Products */;
			projectDirPath = "";
			projectRoot = "";
			targets = (
				D04064D22A3C7B9C008BA796 /* MovieApp */,
				D04064EB2A3C7B9E008BA796 /* MovieAppTests */,
				D04064F52A3C7B9E008BA796 /* MovieAppUITests */,
			);
		};
/* End PBXProject section */

/* Begin PBXResourcesBuildPhase section */
		D04064D12A3C7B9C008BA796 /* Resources */ = {
			isa = PBXResourcesBuildPhase;
			buildActionMask = 2147483647;
			files = (
				D04064E62A3C7B9E008BA796 /* LaunchScreen.storyboard in Resources */,
				D0C95AD72A44D56A00CB63BB /* DescriptionTableViewCell.xib in Resources */,
				D04064E32A3C7B9E008BA796 /* Assets.xcassets in Resources */,
				D0EC6FCA2A40E524009314AF /* SeriesTableViewCell.xib in Resources */,
				D04064DE2A3C7B9C008BA796 /* Main.storyboard in Resources */,
			);
			runOnlyForDeploymentPostprocessing = 0;
		};
		D04064EA2A3C7B9E008BA796 /* Resources */ = {
			isa = PBXResourcesBuildPhase;
			buildActionMask = 2147483647;
			files = (
			);
			runOnlyForDeploymentPostprocessing = 0;
		};
		D04064F42A3C7B9E008BA796 /* Resources */ = {
			isa = PBXResourcesBuildPhase;
			buildActionMask = 2147483647;
			files = (
			);
			runOnlyForDeploymentPostprocessing = 0;
		};
/* End PBXResourcesBuildPhase section */

/* Begin PBXSourcesBuildPhase section */
		D04064CF2A3C7B9C008BA796 /* Sources */ = {
			isa = PBXSourcesBuildPhase;
			buildActionMask = 2147483647;
			files = (
				D0C95AC92A420A9300CB63BB /* UIViewExtension.swift in Sources */,
				D0EC6F9B2A3DED7D009314AF /* Series.swift in Sources */,
				D0EC6FA02A3DF4B9009314AF /* SeriesDataSource.swift in Sources */,
				D04064DB2A3C7B9C008BA796 /* SeriesViewController.swift in Sources */,
				D0C95ACE2A42407E00CB63BB /* DataHandler.swift in Sources */,
				D0EC6FA22A3DF582009314AF /* EndPoint.swift in Sources */,
				D04064D72A3C7B9C008BA796 /* AppDelegate.swift in Sources */,
				D04064E12A3C7B9C008BA796 /* MovieApp.xcdatamodeld in Sources */,
				D0EC6F982A3CF0C1009314AF /* NetworkRequestHandler.swift in Sources */,
				D0EC6FA52A3DF711009314AF /* SeriesViewModel.swift in Sources */,
				D0EC6FD02A40E8F6009314AF /* ImageViewExtension.swift in Sources */,
				D04064D92A3C7B9C008BA796 /* SceneDelegate.swift in Sources */,
				D0EC6FAE2A3DF7BC009314AF /* SeriesUsecase.swift in Sources */,
				D0EC6FCD2A40E793009314AF /* CellModel.swift in Sources */,
				D0EC6FC92A40E524009314AF /* SeriesTableViewCell.swift in Sources */,
				D0EC6F9D2A3DEDE6009314AF /* Response.swift in Sources */,
				D0C95AD62A44D56A00CB63BB /* DescriptionTableViewCell.swift in Sources */,
				D0C95AD02A43765300CB63BB /* RequestHandler.swift in Sources */,
			);
			runOnlyForDeploymentPostprocessing = 0;
		};
		D04064E82A3C7B9E008BA796 /* Sources */ = {
			isa = PBXSourcesBuildPhase;
			buildActionMask = 2147483647;
			files = (
				D04064F12A3C7B9E008BA796 /* MovieAppTests.swift in Sources */,
			);
			runOnlyForDeploymentPostprocessing = 0;
		};
		D04064F22A3C7B9E008BA796 /* Sources */ = {
			isa = PBXSourcesBuildPhase;
			buildActionMask = 2147483647;
			files = (
				D04064FD2A3C7B9E008BA796 /* MovieAppUITestsLaunchTests.swift in Sources */,
				D04064FB2A3C7B9E008BA796 /* MovieAppUITests.swift in Sources */,
			);
			runOnlyForDeploymentPostprocessing = 0;
		};
/* End PBXSourcesBuildPhase section */

/* Begin PBXTargetDependency section */
		D04064EE2A3C7B9E008BA796 /* PBXTargetDependency */ = {
			isa = PBXTargetDependency;
			target = D04064D22A3C7B9C008BA796 /* MovieApp */;
			targetProxy = D04064ED2A3C7B9E008BA796 /* PBXContainerItemProxy */;
		};
		D04064F82A3C7B9E008BA796 /* PBXTargetDependency */ = {
			isa = PBXTargetDependency;
			target = D04064D22A3C7B9C008BA796 /* MovieApp */;
			targetProxy = D04064F72A3C7B9E008BA796 /* PBXContainerItemProxy */;
		};
/* End PBXTargetDependency section */

/* Begin PBXVariantGroup section */
		D04064DC2A3C7B9C008BA796 /* Main.storyboard */ = {
			isa = PBXVariantGroup;
			children = (
				D04064DD2A3C7B9C008BA796 /* Base */,
			);
			name = Main.storyboard;
			sourceTree = "<group>";
		};
		D04064E42A3C7B9E008BA796 /* LaunchScreen.storyboard */ = {
			isa = PBXVariantGroup;
			children = (
				D04064E52A3C7B9E008BA796 /* Base */,
			);
			name = LaunchScreen.storyboard;
			sourceTree = "<group>";
		};
/* End PBXVariantGroup section */

/* Begin XCBuildConfiguration section */
		D04064FE2A3C7B9E008BA796 /* Debug */ = {
			isa = XCBuildConfiguration;
			buildSettings = {
				ALWAYS_SEARCH_USER_PATHS = NO;
				CLANG_ANALYZER_NONNULL = YES;
				CLANG_ANALYZER_NUMBER_OBJECT_CONVERSION = YES_AGGRESSIVE;
				CLANG_CXX_LANGUAGE_STANDARD = "gnu++20";
				CLANG_ENABLE_MODULES = YES;
				CLANG_ENABLE_OBJC_ARC = YES;
				CLANG_ENABLE_OBJC_WEAK = YES;
				CLANG_WARN_BLOCK_CAPTURE_AUTORELEASING = YES;
				CLANG_WARN_BOOL_CONVERSION = YES;
				CLANG_WARN_COMMA = YES;
				CLANG_WARN_CONSTANT_CONVERSION = YES;
				CLANG_WARN_DEPRECATED_OBJC_IMPLEMENTATIONS = YES;
				CLANG_WARN_DIRECT_OBJC_ISA_USAGE = YES_ERROR;
				CLANG_WARN_DOCUMENTATION_COMMENTS = YES;
				CLANG_WARN_EMPTY_BODY = YES;
				CLANG_WARN_ENUM_CONVERSION = YES;
				CLANG_WARN_INFINITE_RECURSION = YES;
				CLANG_WARN_INT_CONVERSION = YES;
				CLANG_WARN_NON_LITERAL_NULL_CONVERSION = YES;
				CLANG_WARN_OBJC_IMPLICIT_RETAIN_SELF = YES;
				CLANG_WARN_OBJC_LITERAL_CONVERSION = YES;
				CLANG_WARN_OBJC_ROOT_CLASS = YES_ERROR;
				CLANG_WARN_QUOTED_INCLUDE_IN_FRAMEWORK_HEADER = YES;
				CLANG_WARN_RANGE_LOOP_ANALYSIS = YES;
				CLANG_WARN_STRICT_PROTOTYPES = YES;
				CLANG_WARN_SUSPICIOUS_MOVE = YES;
				CLANG_WARN_UNGUARDED_AVAILABILITY = YES_AGGRESSIVE;
				CLANG_WARN_UNREACHABLE_CODE = YES;
				CLANG_WARN__DUPLICATE_METHOD_MATCH = YES;
				COPY_PHASE_STRIP = NO;
				DEBUG_INFORMATION_FORMAT = dwarf;
				ENABLE_STRICT_OBJC_MSGSEND = YES;
				ENABLE_TESTABILITY = YES;
				GCC_C_LANGUAGE_STANDARD = gnu11;
				GCC_DYNAMIC_NO_PIC = NO;
				GCC_NO_COMMON_BLOCKS = YES;
				GCC_OPTIMIZATION_LEVEL = 0;
				GCC_PREPROCESSOR_DEFINITIONS = (
					"DEBUG=1",
					"$(inherited)",
				);
				GCC_WARN_64_TO_32_BIT_CONVERSION = YES;
				GCC_WARN_ABOUT_RETURN_TYPE = YES_ERROR;
				GCC_WARN_UNDECLARED_SELECTOR = YES;
				GCC_WARN_UNINITIALIZED_AUTOS = YES_AGGRESSIVE;
				GCC_WARN_UNUSED_FUNCTION = YES;
				GCC_WARN_UNUSED_VARIABLE = YES;
				IPHONEOS_DEPLOYMENT_TARGET = 16.4;
				MTL_ENABLE_DEBUG_INFO = INCLUDE_SOURCE;
				MTL_FAST_MATH = YES;
				ONLY_ACTIVE_ARCH = YES;
				SDKROOT = iphoneos;
				SWIFT_ACTIVE_COMPILATION_CONDITIONS = DEBUG;
				SWIFT_OPTIMIZATION_LEVEL = "-Onone";
			};
			name = Debug;
		};
		D04064FF2A3C7B9E008BA796 /* Release */ = {
			isa = XCBuildConfiguration;
			buildSettings = {
				ALWAYS_SEARCH_USER_PATHS = NO;
				CLANG_ANALYZER_NONNULL = YES;
				CLANG_ANALYZER_NUMBER_OBJECT_CONVERSION = YES_AGGRESSIVE;
				CLANG_CXX_LANGUAGE_STANDARD = "gnu++20";
				CLANG_ENABLE_MODULES = YES;
				CLANG_ENABLE_OBJC_ARC = YES;
				CLANG_ENABLE_OBJC_WEAK = YES;
				CLANG_WARN_BLOCK_CAPTURE_AUTORELEASING = YES;
				CLANG_WARN_BOOL_CONVERSION = YES;
				CLANG_WARN_COMMA = YES;
				CLANG_WARN_CONSTANT_CONVERSION = YES;
				CLANG_WARN_DEPRECATED_OBJC_IMPLEMENTATIONS = YES;
				CLANG_WARN_DIRECT_OBJC_ISA_USAGE = YES_ERROR;
				CLANG_WARN_DOCUMENTATION_COMMENTS = YES;
				CLANG_WARN_EMPTY_BODY = YES;
				CLANG_WARN_ENUM_CONVERSION = YES;
				CLANG_WARN_INFINITE_RECURSION = YES;
				CLANG_WARN_INT_CONVERSION = YES;
				CLANG_WARN_NON_LITERAL_NULL_CONVERSION = YES;
				CLANG_WARN_OBJC_IMPLICIT_RETAIN_SELF = YES;
				CLANG_WARN_OBJC_LITERAL_CONVERSION = YES;
				CLANG_WARN_OBJC_ROOT_CLASS = YES_ERROR;
				CLANG_WARN_QUOTED_INCLUDE_IN_FRAMEWORK_HEADER = YES;
				CLANG_WARN_RANGE_LOOP_ANALYSIS = YES;
				CLANG_WARN_STRICT_PROTOTYPES = YES;
				CLANG_WARN_SUSPICIOUS_MOVE = YES;
				CLANG_WARN_UNGUARDED_AVAILABILITY = YES_AGGRESSIVE;
				CLANG_WARN_UNREACHABLE_CODE = YES;
				CLANG_WARN__DUPLICATE_METHOD_MATCH = YES;
				COPY_PHASE_STRIP = NO;
				DEBUG_INFORMATION_FORMAT = "dwarf-with-dsym";
				ENABLE_NS_ASSERTIONS = NO;
				ENABLE_STRICT_OBJC_MSGSEND = YES;
				GCC_C_LANGUAGE_STANDARD = gnu11;
				GCC_NO_COMMON_BLOCKS = YES;
				GCC_WARN_64_TO_32_BIT_CONVERSION = YES;
				GCC_WARN_ABOUT_RETURN_TYPE = YES_ERROR;
				GCC_WARN_UNDECLARED_SELECTOR = YES;
				GCC_WARN_UNINITIALIZED_AUTOS = YES_AGGRESSIVE;
				GCC_WARN_UNUSED_FUNCTION = YES;
				GCC_WARN_UNUSED_VARIABLE = YES;
				IPHONEOS_DEPLOYMENT_TARGET = 16.4;
				MTL_ENABLE_DEBUG_INFO = NO;
				MTL_FAST_MATH = YES;
				SDKROOT = iphoneos;
				SWIFT_COMPILATION_MODE = wholemodule;
				SWIFT_OPTIMIZATION_LEVEL = "-O";
				VALIDATE_PRODUCT = YES;
			};
			name = Release;
		};
		D04065012A3C7B9E008BA796 /* Debug */ = {
			isa = XCBuildConfiguration;
			buildSettings = {
				ASSETCATALOG_COMPILER_APPICON_NAME = AppIcon;
				ASSETCATALOG_COMPILER_GLOBAL_ACCENT_COLOR_NAME = AccentColor;
				CODE_SIGN_STYLE = Automatic;
				CURRENT_PROJECT_VERSION = 1;
				GENERATE_INFOPLIST_FILE = YES;
				INFOPLIST_FILE = MovieApp/Info.plist;
				INFOPLIST_KEY_UIApplicationSupportsIndirectInputEvents = YES;
				INFOPLIST_KEY_UILaunchStoryboardName = LaunchScreen;
				INFOPLIST_KEY_UIMainStoryboardFile = Main;
				INFOPLIST_KEY_UISupportedInterfaceOrientations_iPad = "UIInterfaceOrientationPortrait UIInterfaceOrientationPortraitUpsideDown UIInterfaceOrientationLandscapeLeft UIInterfaceOrientationLandscapeRight";
				INFOPLIST_KEY_UISupportedInterfaceOrientations_iPhone = "UIInterfaceOrientationPortrait UIInterfaceOrientationLandscapeLeft UIInterfaceOrientationLandscapeRight";
				LD_RUNPATH_SEARCH_PATHS = (
					"$(inherited)",
					"@executable_path/Frameworks",
				);
				MARKETING_VERSION = 1.0;
				PRODUCT_BUNDLE_IDENTIFIER = MahmoudSalah.MovieApp;
				PRODUCT_NAME = "$(TARGET_NAME)";
				SWIFT_EMIT_LOC_STRINGS = YES;
				SWIFT_VERSION = 5.0;
				TARGETED_DEVICE_FAMILY = "1,2";
			};
			name = Debug;
		};
		D04065022A3C7B9E008BA796 /* Release */ = {
			isa = XCBuildConfiguration;
			buildSettings = {
				ASSETCATALOG_COMPILER_APPICON_NAME = AppIcon;
				ASSETCATALOG_COMPILER_GLOBAL_ACCENT_COLOR_NAME = AccentColor;
				CODE_SIGN_STYLE = Automatic;
				CURRENT_PROJECT_VERSION = 1;
				GENERATE_INFOPLIST_FILE = YES;
				INFOPLIST_FILE = MovieApp/Info.plist;
				INFOPLIST_KEY_UIApplicationSupportsIndirectInputEvents = YES;
				INFOPLIST_KEY_UILaunchStoryboardName = LaunchScreen;
				INFOPLIST_KEY_UIMainStoryboardFile = Main;
				INFOPLIST_KEY_UISupportedInterfaceOrientations_iPad = "UIInterfaceOrientationPortrait UIInterfaceOrientationPortraitUpsideDown UIInterfaceOrientationLandscapeLeft UIInterfaceOrientationLandscapeRight";
				INFOPLIST_KEY_UISupportedInterfaceOrientations_iPhone = "UIInterfaceOrientationPortrait UIInterfaceOrientationLandscapeLeft UIInterfaceOrientationLandscapeRight";
				LD_RUNPATH_SEARCH_PATHS = (
					"$(inherited)",
					"@executable_path/Frameworks",
				);
				MARKETING_VERSION = 1.0;
				PRODUCT_BUNDLE_IDENTIFIER = MahmoudSalah.MovieApp;
				PRODUCT_NAME = "$(TARGET_NAME)";
				SWIFT_EMIT_LOC_STRINGS = YES;
				SWIFT_VERSION = 5.0;
				TARGETED_DEVICE_FAMILY = "1,2";
			};
			name = Release;
		};
		D04065042A3C7B9E008BA796 /* Debug */ = {
			isa = XCBuildConfiguration;
			buildSettings = {
				ALWAYS_EMBED_SWIFT_STANDARD_LIBRARIES = YES;
				BUNDLE_LOADER = "$(TEST_HOST)";
				CODE_SIGN_STYLE = Automatic;
				CURRENT_PROJECT_VERSION = 1;
				GENERATE_INFOPLIST_FILE = YES;
				IPHONEOS_DEPLOYMENT_TARGET = 16.4;
				MARKETING_VERSION = 1.0;
				PRODUCT_BUNDLE_IDENTIFIER = MahmoudSalah.MovieAppTests;
				PRODUCT_NAME = "$(TARGET_NAME)";
				SWIFT_EMIT_LOC_STRINGS = NO;
				SWIFT_VERSION = 5.0;
				TARGETED_DEVICE_FAMILY = "1,2";
				TEST_HOST = "$(BUILT_PRODUCTS_DIR)/MovieApp.app/$(BUNDLE_EXECUTABLE_FOLDER_PATH)/MovieApp";
			};
			name = Debug;
		};
		D04065052A3C7B9E008BA796 /* Release */ = {
			isa = XCBuildConfiguration;
			buildSettings = {
				ALWAYS_EMBED_SWIFT_STANDARD_LIBRARIES = YES;
				BUNDLE_LOADER = "$(TEST_HOST)";
				CODE_SIGN_STYLE = Automatic;
				CURRENT_PROJECT_VERSION = 1;
				GENERATE_INFOPLIST_FILE = YES;
				IPHONEOS_DEPLOYMENT_TARGET = 16.4;
				MARKETING_VERSION = 1.0;
				PRODUCT_BUNDLE_IDENTIFIER = MahmoudSalah.MovieAppTests;
				PRODUCT_NAME = "$(TARGET_NAME)";
				SWIFT_EMIT_LOC_STRINGS = NO;
				SWIFT_VERSION = 5.0;
				TARGETED_DEVICE_FAMILY = "1,2";
				TEST_HOST = "$(BUILT_PRODUCTS_DIR)/MovieApp.app/$(BUNDLE_EXECUTABLE_FOLDER_PATH)/MovieApp";
			};
			name = Release;
		};
		D04065072A3C7B9E008BA796 /* Debug */ = {
			isa = XCBuildConfiguration;
			buildSettings = {
				ALWAYS_EMBED_SWIFT_STANDARD_LIBRARIES = YES;
				CODE_SIGN_STYLE = Automatic;
				CURRENT_PROJECT_VERSION = 1;
				GENERATE_INFOPLIST_FILE = YES;
				MARKETING_VERSION = 1.0;
				PRODUCT_BUNDLE_IDENTIFIER = MahmoudSalah.MovieAppUITests;
				PRODUCT_NAME = "$(TARGET_NAME)";
				SWIFT_EMIT_LOC_STRINGS = NO;
				SWIFT_VERSION = 5.0;
				TARGETED_DEVICE_FAMILY = "1,2";
				TEST_TARGET_NAME = MovieApp;
			};
			name = Debug;
		};
		D04065082A3C7B9E008BA796 /* Release */ = {
			isa = XCBuildConfiguration;
			buildSettings = {
				ALWAYS_EMBED_SWIFT_STANDARD_LIBRARIES = YES;
				CODE_SIGN_STYLE = Automatic;
				CURRENT_PROJECT_VERSION = 1;
				GENERATE_INFOPLIST_FILE = YES;
				MARKETING_VERSION = 1.0;
				PRODUCT_BUNDLE_IDENTIFIER = MahmoudSalah.MovieAppUITests;
				PRODUCT_NAME = "$(TARGET_NAME)";
				SWIFT_EMIT_LOC_STRINGS = NO;
				SWIFT_VERSION = 5.0;
				TARGETED_DEVICE_FAMILY = "1,2";
				TEST_TARGET_NAME = MovieApp;
			};
			name = Release;
		};
/* End XCBuildConfiguration section */

/* Begin XCConfigurationList section */
		D04064CE2A3C7B9C008BA796 /* Build configuration list for PBXProject "MovieApp" */ = {
			isa = XCConfigurationList;
			buildConfigurations = (
				D04064FE2A3C7B9E008BA796 /* Debug */,
				D04064FF2A3C7B9E008BA796 /* Release */,
			);
			defaultConfigurationIsVisible = 0;
			defaultConfigurationName = Release;
		};
		D04065002A3C7B9E008BA796 /* Build configuration list for PBXNativeTarget "MovieApp" */ = {
			isa = XCConfigurationList;
			buildConfigurations = (
				D04065012A3C7B9E008BA796 /* Debug */,
				D04065022A3C7B9E008BA796 /* Release */,
			);
			defaultConfigurationIsVisible = 0;
			defaultConfigurationName = Release;
		};
		D04065032A3C7B9E008BA796 /* Build configuration list for PBXNativeTarget "MovieAppTests" */ = {
			isa = XCConfigurationList;
			buildConfigurations = (
				D04065042A3C7B9E008BA796 /* Debug */,
				D04065052A3C7B9E008BA796 /* Release */,
			);
			defaultConfigurationIsVisible = 0;
			defaultConfigurationName = Release;
		};
		D04065062A3C7B9E008BA796 /* Build configuration list for PBXNativeTarget "MovieAppUITests" */ = {
			isa = XCConfigurationList;
			buildConfigurations = (
				D04065072A3C7B9E008BA796 /* Debug */,
				D04065082A3C7B9E008BA796 /* Release */,
			);
			defaultConfigurationIsVisible = 0;
			defaultConfigurationName = Release;
		};
/* End XCConfigurationList section */

/* Begin XCRemoteSwiftPackageReference section */
		D0C95AC22A42013C00CB63BB /* XCRemoteSwiftPackageReference "Kingfisher" */ = {
			isa = XCRemoteSwiftPackageReference;
			repositoryURL = "https://github.com/onevcat/Kingfisher.git";
			requirement = {
				kind = upToNextMajorVersion;
				minimumVersion = 7.0.0;
			};
		};
		D0C95AC52A4201EB00CB63BB /* XCRemoteSwiftPackageReference "Alamofire" */ = {
			isa = XCRemoteSwiftPackageReference;
			repositoryURL = "https://github.com/Alamofire/Alamofire.git";
			requirement = {
				kind = upToNextMajorVersion;
				minimumVersion = 5.0.0;
			};
		};
/* End XCRemoteSwiftPackageReference section */

/* Begin XCSwiftPackageProductDependency section */
		D0C95AC32A42013C00CB63BB /* Kingfisher */ = {
			isa = XCSwiftPackageProductDependency;
			package = D0C95AC22A42013C00CB63BB /* XCRemoteSwiftPackageReference "Kingfisher" */;
			productName = Kingfisher;
		};
		D0C95AC62A4201EB00CB63BB /* Alamofire */ = {
			isa = XCSwiftPackageProductDependency;
			package = D0C95AC52A4201EB00CB63BB /* XCRemoteSwiftPackageReference "Alamofire" */;
			productName = Alamofire;
		};
/* End XCSwiftPackageProductDependency section */

/* Begin XCVersionGroup section */
		D04064DF2A3C7B9C008BA796 /* MovieApp.xcdatamodeld */ = {
			isa = XCVersionGroup;
			children = (
				D04064E02A3C7B9C008BA796 /* MovieApp.xcdatamodel */,
			);
			currentVersion = D04064E02A3C7B9C008BA796 /* MovieApp.xcdatamodel */;
			path = MovieApp.xcdatamodeld;
			sourceTree = "<group>";
			versionGroupType = wrapper.xcdatamodel;
		};
/* End XCVersionGroup section */
	};
	rootObject = D04064CB2A3C7B9C008BA796 /* Project object */;
}
